{
  "name": "vibe-coding-analytics",
  "version": "0.1.2",
  "lockfileVersion": 3,
  "requires": true,
  "packages": {
    "": {
      "name": "vibe-coding-analytics",
      "version": "0.1.2",
      "license": "MIT",
      "bin": {
        "vca": "bin/vibe-coding-analytics.js",
        "vibe-coding-analytics": "bin/vibe-coding-analytics.js"
      },
      "engines": {
        "node": ">=18"
      }
    }
  }
}
